<Solution>
  <Folder Name="/Solution Items/">
    <File Path="global.json" />
  </Folder>
  <Folder Name="/src/">
    <Project Path="src/AuthService.Api/AuthService.Api.csproj" />
    <Project Path="src/AuthService.Application/AuthService.Application.csproj" />
    <Project Path="src/AuthService.Domain/AuthService.Domain.csproj" />
    <Project Path="src/AuthService.Infrastructure/AuthService.Infrastructure.csproj" />
  </Folder>
  <Folder Name="/tests/">
    <Project Path="tests/AuthService.IntegrationTests/AuthService.IntegrationTests.csproj" />
    <Project Path="tests/AuthService.UnitTests/AuthService.UnitTests.csproj" />
  </Folder>
</Solution>
